
Microsoft Visual Studio Solution File, Format Version 12.00
# Visual Studio Version 17
VisualStudioVersion = 17.8.34525.116
MinimumVisualStudioVersion = 10.0.40219.1
Project("{FAE04EC0-301F-11D3-BF4B-00C04F79EFBC}") = "SmallExpertSystem", "SmallExpertSystem\SmallExpertSystem.csproj", "{836B59E4-91CA-44A3-B9BA-B959D0E4C357}"
EndProject
Global
	GlobalSection(SolutionConfigurationPlatforms) = preSolution
		Debug|Any CPU = Debug|Any CPU
		Release|Any CPU = Release|Any CPU
	EndGlobalSection
	GlobalSection(ProjectConfigurationPlatforms) = postSolution
		{836B59E4-91CA-44A3-B9BA-B959D0E4C357}.Debug|Any CPU.ActiveCfg = Debug|Any CPU
		{836B59E4-91CA-44A3-B9BA-B959D0E4C357}.Debug|Any CPU.Build.0 = Debug|Any CPU
		{836B59E4-91CA-44A3-B9BA-B959D0E4C357}.Release|Any CPU.ActiveCfg = Release|Any CPU
		{836B59E4-91CA-44A3-B9BA-B959D0E4C357}.Release|Any CPU.Build.0 = Release|Any CPU
	EndGlobalSection
	GlobalSection(SolutionProperties) = preSolution
		HideSolutionNode = FALSE
	EndGlobalSection
	GlobalSection(ExtensibilityGlobals) = postSolution
		SolutionGuid = {8ED4AB1C-7FF0-4E45-AE01-EEB72BC4093A}
	EndGlobalSection
EndGlobal
